
Microsoft Visual Studio Solution File, Format Version 12.00
# Visual Studio 15
Project("{FAE04EC0-301F-11D3-BF4B-00C04F79EFBC}") = "Assembly-CSharp", "Assembly-CSharp.csproj", "{130F15E0-4CC7-D20B-06BA-A58A924CE25F}"
EndProject
Project("{FAE04EC0-301F-11D3-BF4B-00C04F79EFBC}") = "Assembly-CSharp-Editor", "Assembly-CSharp-Editor.csproj", "{CFF19861-7F5D-2E62-989B-18062078EB27}"
EndProject
Global
	GlobalSection(SolutionConfigurationPlatforms) = preSolution
		Debug|Any CPU = Debug|Any CPU
		Release|Any CPU = Release|Any CPU
	EndGlobalSection
	GlobalSection(ProjectConfigurationPlatforms) = postSolution
		{130F15E0-4CC7-D20B-06BA-A58A924CE25F}.Debug|Any CPU.ActiveCfg = Debug|Any CPU
		{130F15E0-4CC7-D20B-06BA-A58A924CE25F}.Debug|Any CPU.Build.0 = Debug|Any CPU
		{130F15E0-4CC7-D20B-06BA-A58A924CE25F}.Release|Any CPU.ActiveCfg = Release|Any CPU
		{130F15E0-4CC7-D20B-06BA-A58A924CE25F}.Release|Any CPU.Build.0 = Release|Any CPU
		{CFF19861-7F5D-2E62-989B-18062078EB27}.Debug|Any CPU.ActiveCfg = Debug|Any CPU
		{CFF19861-7F5D-2E62-989B-18062078EB27}.Debug|Any CPU.Build.0 = Debug|Any CPU
		{CFF19861-7F5D-2E62-989B-18062078EB27}.Release|Any CPU.ActiveCfg = Release|Any CPU
		{CFF19861-7F5D-2E62-989B-18062078EB27}.Release|Any CPU.Build.0 = Release|Any CPU
	EndGlobalSection
	GlobalSection(SolutionProperties) = preSolution
		HideSolutionNode = FALSE
	EndGlobalSection
EndGlobal
